
Microsoft Visual Studio Solution File, Format Version 12.00
# Visual Studio 15
VisualStudioVersion = 15.0.26228.9
MinimumVisualStudioVersion = 10.0.40219.1
Project("{2150E333-8FDC-42A3-9474-1A3956D46DE8}") = "src", "src", "{AFAA0841-BD93-466F-B8F4-FB4EEC86F1FC}"
EndProject
Project("{9A19103F-16F7-4668-BE54-9A1E7A4F7556}") = "IEManageSystem.Core", "src\IEManageSystem.Core\IEManageSystem.Core.csproj", "{0FA75A5B-AB83-4FD0-B545-279774C01E87}"
EndProject
Project("{9A19103F-16F7-4668-BE54-9A1E7A4F7556}") = "IEManageSystem.Application", "src\IEManageSystem.Application\IEManageSystem.Application.csproj", "{3870C648-4AEA-4B85-BA3F-F2F63B96136A}"
EndProject
Project("{9A19103F-16F7-4668-BE54-9A1E7A4F7556}") = "IEManageSystem.EntityFrameworkCore", "src\IEManageSystem.EntityFrameworkCore\IEManageSystem.EntityFrameworkCore.csproj", "{DC780BC4-4EAC-4C63-9052-6F3169A59FA4}"
EndProject
Project("{9A19103F-16F7-4668-BE54-9A1E7A4F7556}") = "IEManageSystem.Api", "src\IEManageSystem.Api\IEManageSystem.Api.csproj", "{7EF6A136-CBCD-43A8-8970-56043195E504}"
EndProject
Project("{9A19103F-16F7-4668-BE54-9A1E7A4F7556}") = "UtilityAction", "src\UtilityAction\UtilityAction.csproj", "{C6B2C06E-22CE-4D65-B051-FA0299B78622}"
EndProject
Project("{9A19103F-16F7-4668-BE54-9A1E7A4F7556}") = "IEManageSystem.Web", "src\IEManageSystem.Web\IEManageSystem.Web.csproj", "{C9DB0F9A-8BCE-484A-A80B-F7DB8B50732B}"
EndProject
Project("{2150E333-8FDC-42A3-9474-1A3956D46DE8}") = "IEIdentityServer", "IEIdentityServer", "{3DA30F23-0861-40BC-BF86-D09A2F3380DE}"
EndProject
Project("{FAE04EC0-301F-11D3-BF4B-00C04F79EFBC}") = "IEIdentityServer.Core", "IEIdentityServer.Core\IEIdentityServer.Core.csproj", "{9DB22442-4F36-42BD-A75B-D5A660215202}"
EndProject
Project("{FAE04EC0-301F-11D3-BF4B-00C04F79EFBC}") = "IEIdentityServer.EFCore", "IEIdentityServer.EFCore\IEIdentityServer.EFCore.csproj", "{E5F8A1D2-3507-426D-9BAB-5792F99FA1F4}"
EndProject
Global
	GlobalSection(SolutionConfigurationPlatforms) = preSolution
		Debug|Any CPU = Debug|Any CPU
		Release|Any CPU = Release|Any CPU
	EndGlobalSection
	GlobalSection(ProjectConfigurationPlatforms) = postSolution
		{0FA75A5B-AB83-4FD0-B545-279774C01E87}.Debug|Any CPU.ActiveCfg = Debug|Any CPU
		{0FA75A5B-AB83-4FD0-B545-279774C01E87}.Debug|Any CPU.Build.0 = Debug|Any CPU
		{0FA75A5B-AB83-4FD0-B545-279774C01E87}.Release|Any CPU.ActiveCfg = Release|Any CPU
		{0FA75A5B-AB83-4FD0-B545-279774C01E87}.Release|Any CPU.Build.0 = Release|Any CPU
		{3870C648-4AEA-4B85-BA3F-F2F63B96136A}.Debug|Any CPU.ActiveCfg = Debug|Any CPU
		{3870C648-4AEA-4B85-BA3F-F2F63B96136A}.Debug|Any CPU.Build.0 = Debug|Any CPU
		{3870C648-4AEA-4B85-BA3F-F2F63B96136A}.Release|Any CPU.ActiveCfg = Release|Any CPU
		{3870C648-4AEA-4B85-BA3F-F2F63B96136A}.Release|Any CPU.Build.0 = Release|Any CPU
		{DC780BC4-4EAC-4C63-9052-6F3169A59FA4}.Debug|Any CPU.ActiveCfg = Debug|Any CPU
		{DC780BC4-4EAC-4C63-9052-6F3169A59FA4}.Debug|Any CPU.Build.0 = Debug|Any CPU
		{DC780BC4-4EAC-4C63-9052-6F3169A59FA4}.Release|Any CPU.ActiveCfg = Release|Any CPU
		{DC780BC4-4EAC-4C63-9052-6F3169A59FA4}.Release|Any CPU.Build.0 = Release|Any CPU
		{7EF6A136-CBCD-43A8-8970-56043195E504}.Debug|Any CPU.ActiveCfg = Debug|Any CPU
		{7EF6A136-CBCD-43A8-8970-56043195E504}.Debug|Any CPU.Build.0 = Debug|Any CPU
		{7EF6A136-CBCD-43A8-8970-56043195E504}.Release|Any CPU.ActiveCfg = Release|Any CPU
		{7EF6A136-CBCD-43A8-8970-56043195E504}.Release|Any CPU.Build.0 = Release|Any CPU
		{C6B2C06E-22CE-4D65-B051-FA0299B78622}.Debug|Any CPU.ActiveCfg = Debug|Any CPU
		{C6B2C06E-22CE-4D65-B051-FA0299B78622}.Debug|Any CPU.Build.0 = Debug|Any CPU
		{C6B2C06E-22CE-4D65-B051-FA0299B78622}.Release|Any CPU.ActiveCfg = Release|Any CPU
		{C6B2C06E-22CE-4D65-B051-FA0299B78622}.Release|Any CPU.Build.0 = Release|Any CPU
		{C9DB0F9A-8BCE-484A-A80B-F7DB8B50732B}.Debug|Any CPU.ActiveCfg = Debug|Any CPU
		{C9DB0F9A-8BCE-484A-A80B-F7DB8B50732B}.Debug|Any CPU.Build.0 = Debug|Any CPU
		{C9DB0F9A-8BCE-484A-A80B-F7DB8B50732B}.Release|Any CPU.ActiveCfg = Release|Any CPU
		{C9DB0F9A-8BCE-484A-A80B-F7DB8B50732B}.Release|Any CPU.Build.0 = Release|Any CPU
		{9DB22442-4F36-42BD-A75B-D5A660215202}.Debug|Any CPU.ActiveCfg = Debug|Any CPU
		{9DB22442-4F36-42BD-A75B-D5A660215202}.Debug|Any CPU.Build.0 = Debug|Any CPU
		{9DB22442-4F36-42BD-A75B-D5A660215202}.Release|Any CPU.ActiveCfg = Release|Any CPU
		{9DB22442-4F36-42BD-A75B-D5A660215202}.Release|Any CPU.Build.0 = Release|Any CPU
		{E5F8A1D2-3507-426D-9BAB-5792F99FA1F4}.Debug|Any CPU.ActiveCfg = Debug|Any CPU
		{E5F8A1D2-3507-426D-9BAB-5792F99FA1F4}.Debug|Any CPU.Build.0 = Debug|Any CPU
		{E5F8A1D2-3507-426D-9BAB-5792F99FA1F4}.Release|Any CPU.ActiveCfg = Release|Any CPU
		{E5F8A1D2-3507-426D-9BAB-5792F99FA1F4}.Release|Any CPU.Build.0 = Release|Any CPU
	EndGlobalSection
	GlobalSection(SolutionProperties) = preSolution
		HideSolutionNode = FALSE
	EndGlobalSection
	GlobalSection(NestedProjects) = preSolution
		{0FA75A5B-AB83-4FD0-B545-279774C01E87} = {AFAA0841-BD93-466F-B8F4-FB4EEC86F1FC}
		{3870C648-4AEA-4B85-BA3F-F2F63B96136A} = {AFAA0841-BD93-466F-B8F4-FB4EEC86F1FC}
		{DC780BC4-4EAC-4C63-9052-6F3169A59FA4} = {AFAA0841-BD93-466F-B8F4-FB4EEC86F1FC}
		{7EF6A136-CBCD-43A8-8970-56043195E504} = {AFAA0841-BD93-466F-B8F4-FB4EEC86F1FC}
		{C6B2C06E-22CE-4D65-B051-FA0299B78622} = {AFAA0841-BD93-466F-B8F4-FB4EEC86F1FC}
		{C9DB0F9A-8BCE-484A-A80B-F7DB8B50732B} = {AFAA0841-BD93-466F-B8F4-FB4EEC86F1FC}
		{3DA30F23-0861-40BC-BF86-D09A2F3380DE} = {AFAA0841-BD93-466F-B8F4-FB4EEC86F1FC}
		{9DB22442-4F36-42BD-A75B-D5A660215202} = {3DA30F23-0861-40BC-BF86-D09A2F3380DE}
		{E5F8A1D2-3507-426D-9BAB-5792F99FA1F4} = {3DA30F23-0861-40BC-BF86-D09A2F3380DE}
	EndGlobalSection
	GlobalSection(ExtensibilityGlobals) = postSolution
		SolutionGuid = {3A0DD625-8C4A-453C-AE20-C90CC39BE186}
	EndGlobalSection
EndGlobal
